
Microsoft Visual Studio Solution File, Format Version 12.00
# Visual Studio Version 16
VisualStudioVersion = 16.0.32901.82
MinimumVisualStudioVersion = 10.0.40219.1
Project("{FAE04EC0-301F-11D3-BF4B-00C04F79EFBC}") = "ElectricityApp", "ElectricityApp\ElectricityApp.csproj", "{EA837838-F1E2-4F76-9471-5212649E4982}"
EndProject
Project("{FAE04EC0-301F-11D3-BF4B-00C04F79EFBC}") = "ElectricityDLL", "ElectricityDLL\ElectricityDLL.csproj", "{A3BB455C-8010-42D6-8FF4-2D6AA344934C}"
EndProject
Project("{FAE04EC0-301F-11D3-BF4B-00C04F79EFBC}") = "Web", "Web\Web.csproj", "{7DBBF186-B02D-41E1-A098-42E579FA7CC3}"
EndProject
Global
	GlobalSection(SolutionConfigurationPlatforms) = preSolution
		Debug|Any CPU = Debug|Any CPU
		Debug|x64 = Debug|x64
		Debug|x86 = Debug|x86
		Release|Any CPU = Release|Any CPU
		Release|x64 = Release|x64
		Release|x86 = Release|x86
		win32|Any CPU = win32|Any CPU
		win32|x64 = win32|x64
		win32|x86 = win32|x86
		win64|Any CPU = win64|Any CPU
		win64|x64 = win64|x64
		win64|x86 = win64|x86
		我的调试|Any CPU = 我的调试|Any CPU
		我的调试|x64 = 我的调试|x64
		我的调试|x86 = 我的调试|x86
	EndGlobalSection
	GlobalSection(ProjectConfigurationPlatforms) = postSolution
		{EA837838-F1E2-4F76-9471-5212649E4982}.Debug|Any CPU.ActiveCfg = Debug|Any CPU
		{EA837838-F1E2-4F76-9471-5212649E4982}.Debug|Any CPU.Build.0 = Debug|Any CPU
		{EA837838-F1E2-4F76-9471-5212649E4982}.Debug|x64.ActiveCfg = Debug|x64
		{EA837838-F1E2-4F76-9471-5212649E4982}.Debug|x64.Build.0 = Debug|x64
		{EA837838-F1E2-4F76-9471-5212649E4982}.Debug|x86.ActiveCfg = Debug|x86
		{EA837838-F1E2-4F76-9471-5212649E4982}.Debug|x86.Build.0 = Debug|x86
		{EA837838-F1E2-4F76-9471-5212649E4982}.Release|Any CPU.ActiveCfg = Release|Any CPU
		{EA837838-F1E2-4F76-9471-5212649E4982}.Release|Any CPU.Build.0 = Release|Any CPU
		{EA837838-F1E2-4F76-9471-5212649E4982}.Release|x64.ActiveCfg = Release|x64
		{EA837838-F1E2-4F76-9471-5212649E4982}.Release|x64.Build.0 = Release|x64
		{EA837838-F1E2-4F76-9471-5212649E4982}.Release|x86.ActiveCfg = Release|x86
		{EA837838-F1E2-4F76-9471-5212649E4982}.Release|x86.Build.0 = Release|x86
		{EA837838-F1E2-4F76-9471-5212649E4982}.win32|Any CPU.ActiveCfg = win32|Any CPU
		{EA837838-F1E2-4F76-9471-5212649E4982}.win32|Any CPU.Build.0 = win32|Any CPU
		{EA837838-F1E2-4F76-9471-5212649E4982}.win32|x64.ActiveCfg = win32|x64
		{EA837838-F1E2-4F76-9471-5212649E4982}.win32|x64.Build.0 = win32|x64
		{EA837838-F1E2-4F76-9471-5212649E4982}.win32|x86.ActiveCfg = win32|Any CPU
		{EA837838-F1E2-4F76-9471-5212649E4982}.win32|x86.Build.0 = win32|Any CPU
		{EA837838-F1E2-4F76-9471-5212649E4982}.win64|Any CPU.ActiveCfg = win64|Any CPU
		{EA837838-F1E2-4F76-9471-5212649E4982}.win64|Any CPU.Build.0 = win64|Any CPU
		{EA837838-F1E2-4F76-9471-5212649E4982}.win64|x64.ActiveCfg = win64|x64
		{EA837838-F1E2-4F76-9471-5212649E4982}.win64|x64.Build.0 = win64|x64
		{EA837838-F1E2-4F76-9471-5212649E4982}.win64|x86.ActiveCfg = win64|x86
		{EA837838-F1E2-4F76-9471-5212649E4982}.win64|x86.Build.0 = win64|x86
		{EA837838-F1E2-4F76-9471-5212649E4982}.我的调试|Any CPU.ActiveCfg = 我的调试|Any CPU
		{EA837838-F1E2-4F76-9471-5212649E4982}.我的调试|Any CPU.Build.0 = 我的调试|Any CPU
		{EA837838-F1E2-4F76-9471-5212649E4982}.我的调试|x64.ActiveCfg = 我的调试|x64
		{EA837838-F1E2-4F76-9471-5212649E4982}.我的调试|x64.Build.0 = 我的调试|x64
		{EA837838-F1E2-4F76-9471-5212649E4982}.我的调试|x86.ActiveCfg = 我的调试|x86
		{EA837838-F1E2-4F76-9471-5212649E4982}.我的调试|x86.Build.0 = 我的调试|x86
		{A3BB455C-8010-42D6-8FF4-2D6AA344934C}.Debug|Any CPU.ActiveCfg = Debug|Any CPU
		{A3BB455C-8010-42D6-8FF4-2D6AA344934C}.Debug|Any CPU.Build.0 = Debug|Any CPU
		{A3BB455C-8010-42D6-8FF4-2D6AA344934C}.Debug|x64.ActiveCfg = Debug|x64
		{A3BB455C-8010-42D6-8FF4-2D6AA344934C}.Debug|x64.Build.0 = Debug|x64
		{A3BB455C-8010-42D6-8FF4-2D6AA344934C}.Debug|x86.ActiveCfg = Debug|Any CPU
		{A3BB455C-8010-42D6-8FF4-2D6AA344934C}.Debug|x86.Build.0 = Debug|Any CPU
		{A3BB455C-8010-42D6-8FF4-2D6AA344934C}.Release|Any CPU.ActiveCfg = Release|Any CPU
		{A3BB455C-8010-42D6-8FF4-2D6AA344934C}.Release|Any CPU.Build.0 = Release|Any CPU
		{A3BB455C-8010-42D6-8FF4-2D6AA344934C}.Release|x64.ActiveCfg = Release|x64
		{A3BB455C-8010-42D6-8FF4-2D6AA344934C}.Release|x64.Build.0 = Release|x64
		{A3BB455C-8010-42D6-8FF4-2D6AA344934C}.Release|x86.ActiveCfg = Release|Any CPU
		{A3BB455C-8010-42D6-8FF4-2D6AA344934C}.Release|x86.Build.0 = Release|Any CPU
		{A3BB455C-8010-42D6-8FF4-2D6AA344934C}.win32|Any CPU.ActiveCfg = win32|Any CPU
		{A3BB455C-8010-42D6-8FF4-2D6AA344934C}.win32|Any CPU.Build.0 = win32|Any CPU
		{A3BB455C-8010-42D6-8FF4-2D6AA344934C}.win32|x64.ActiveCfg = win32|x64
		{A3BB455C-8010-42D6-8FF4-2D6AA344934C}.win32|x64.Build.0 = win32|x64
		{A3BB455C-8010-42D6-8FF4-2D6AA344934C}.win32|x86.ActiveCfg = win32|Any CPU
		{A3BB455C-8010-42D6-8FF4-2D6AA344934C}.win32|x86.Build.0 = win32|Any CPU
		{A3BB455C-8010-42D6-8FF4-2D6AA344934C}.win64|Any CPU.ActiveCfg = win64|Any CPU
		{A3BB455C-8010-42D6-8FF4-2D6AA344934C}.win64|Any CPU.Build.0 = win64|Any CPU
		{A3BB455C-8010-42D6-8FF4-2D6AA344934C}.win64|x64.ActiveCfg = win64|x64
		{A3BB455C-8010-42D6-8FF4-2D6AA344934C}.win64|x64.Build.0 = win64|x64
		{A3BB455C-8010-42D6-8FF4-2D6AA344934C}.win64|x86.ActiveCfg = win64|Any CPU
		{A3BB455C-8010-42D6-8FF4-2D6AA344934C}.win64|x86.Build.0 = win64|Any CPU
		{A3BB455C-8010-42D6-8FF4-2D6AA344934C}.我的调试|Any CPU.ActiveCfg = 我的调试|Any CPU
		{A3BB455C-8010-42D6-8FF4-2D6AA344934C}.我的调试|Any CPU.Build.0 = 我的调试|Any CPU
		{A3BB455C-8010-42D6-8FF4-2D6AA344934C}.我的调试|x64.ActiveCfg = 我的调试|x64
		{A3BB455C-8010-42D6-8FF4-2D6AA344934C}.我的调试|x64.Build.0 = 我的调试|x64
		{A3BB455C-8010-42D6-8FF4-2D6AA344934C}.我的调试|x86.ActiveCfg = 我的调试|Any CPU
		{A3BB455C-8010-42D6-8FF4-2D6AA344934C}.我的调试|x86.Build.0 = 我的调试|Any CPU
		{7DBBF186-B02D-41E1-A098-42E579FA7CC3}.Debug|Any CPU.ActiveCfg = Debug|Any CPU
		{7DBBF186-B02D-41E1-A098-42E579FA7CC3}.Debug|Any CPU.Build.0 = Debug|Any CPU
		{7DBBF186-B02D-41E1-A098-42E579FA7CC3}.Debug|x64.ActiveCfg = Debug|x64
		{7DBBF186-B02D-41E1-A098-42E579FA7CC3}.Debug|x64.Build.0 = Debug|x64
		{7DBBF186-B02D-41E1-A098-42E579FA7CC3}.Debug|x86.ActiveCfg = Debug|Any CPU
		{7DBBF186-B02D-41E1-A098-42E579FA7CC3}.Debug|x86.Build.0 = Debug|Any CPU
		{7DBBF186-B02D-41E1-A098-42E579FA7CC3}.Release|Any CPU.ActiveCfg = Debug|Any CPU
		{7DBBF186-B02D-41E1-A098-42E579FA7CC3}.Release|Any CPU.Build.0 = Debug|Any CPU
		{7DBBF186-B02D-41E1-A098-42E579FA7CC3}.Release|x64.ActiveCfg = Release|x64
		{7DBBF186-B02D-41E1-A098-42E579FA7CC3}.Release|x64.Build.0 = Release|x64
		{7DBBF186-B02D-41E1-A098-42E579FA7CC3}.Release|x86.ActiveCfg = Release|Any CPU
		{7DBBF186-B02D-41E1-A098-42E579FA7CC3}.Release|x86.Build.0 = Release|Any CPU
		{7DBBF186-B02D-41E1-A098-42E579FA7CC3}.win32|Any CPU.ActiveCfg = win32|Any CPU
		{7DBBF186-B02D-41E1-A098-42E579FA7CC3}.win32|Any CPU.Build.0 = win32|Any CPU
		{7DBBF186-B02D-41E1-A098-42E579FA7CC3}.win32|x64.ActiveCfg = win32|x64
		{7DBBF186-B02D-41E1-A098-42E579FA7CC3}.win32|x64.Build.0 = win32|x64
		{7DBBF186-B02D-41E1-A098-42E579FA7CC3}.win32|x86.ActiveCfg = win32|Any CPU
		{7DBBF186-B02D-41E1-A098-42E579FA7CC3}.win64|Any CPU.ActiveCfg = win64|Any CPU
		{7DBBF186-B02D-41E1-A098-42E579FA7CC3}.win64|Any CPU.Build.0 = win64|Any CPU
		{7DBBF186-B02D-41E1-A098-42E579FA7CC3}.win64|x64.ActiveCfg = win64|x64
		{7DBBF186-B02D-41E1-A098-42E579FA7CC3}.win64|x64.Build.0 = win64|x64
		{7DBBF186-B02D-41E1-A098-42E579FA7CC3}.win64|x86.ActiveCfg = win64|Any CPU
		{7DBBF186-B02D-41E1-A098-42E579FA7CC3}.win64|x86.Build.0 = win64|Any CPU
		{7DBBF186-B02D-41E1-A098-42E579FA7CC3}.我的调试|Any CPU.ActiveCfg = 我的调试|Any CPU
		{7DBBF186-B02D-41E1-A098-42E579FA7CC3}.我的调试|Any CPU.Build.0 = 我的调试|Any CPU
		{7DBBF186-B02D-41E1-A098-42E579FA7CC3}.我的调试|x64.ActiveCfg = 我的调试|x64
		{7DBBF186-B02D-41E1-A098-42E579FA7CC3}.我的调试|x64.Build.0 = 我的调试|x64
		{7DBBF186-B02D-41E1-A098-42E579FA7CC3}.我的调试|x86.ActiveCfg = 我的调试|Any CPU
		{7DBBF186-B02D-41E1-A098-42E579FA7CC3}.我的调试|x86.Build.0 = 我的调试|Any CPU
	EndGlobalSection
	GlobalSection(SolutionProperties) = preSolution
		HideSolutionNode = FALSE
	EndGlobalSection
	GlobalSection(ExtensibilityGlobals) = postSolution
		SolutionGuid = {A3536885-6703-42BD-9AFF-B5258BF4FF87}
	EndGlobalSection
EndGlobal
